
Microsoft Visual Studio Solution File, Format Version 12.00
# Visual Studio Version 16
VisualStudioVersion = 16.0.28803.202
MinimumVisualStudioVersion = 10.0.40219.1
Project("{9A19103F-16F7-4668-BE54-9A1E7A4F7556}") = "WebApi", "WebApi.csproj", "{099D7968-CAE5-443B-A15B-A8110B072C5E}"
EndProject
Global
	GlobalSection(SolutionConfigurationPlatforms) = preSolution
		Debug|Any CPU = Debug|Any CPU
		Release|Any CPU = Release|Any CPU
	EndGlobalSection
	GlobalSection(ProjectConfigurationPlatforms) = postSolution
		{099D7968-CAE5-443B-A15B-A8110B072C5E}.Debug|Any CPU.ActiveCfg = Debug|Any CPU
		{099D7968-CAE5-443B-A15B-A8110B072C5E}.Debug|Any CPU.Build.0 = Debug|Any CPU
		{099D7968-CAE5-443B-A15B-A8110B072C5E}.Release|Any CPU.ActiveCfg = Release|Any CPU
		{099D7968-CAE5-443B-A15B-A8110B072C5E}.Release|Any CPU.Build.0 = Release|Any CPU
	EndGlobalSection
	GlobalSection(SolutionProperties) = preSolution
		HideSolutionNode = FALSE
	EndGlobalSection
	GlobalSection(ExtensibilityGlobals) = postSolution
		SolutionGuid = {36CB650E-5E53-4BAB-A1EB-861CE467C291}
	EndGlobalSection
EndGlobal
